
Microsoft Visual Studio Solution File, Format Version 12.00
# Visual Studio Version 16
Project("{8BC9CEB8-8B4A-11D0-8D11-00A0C91BC942}") = "game-premake", "_build\game-premake.vcxproj", "{5197A086-3DFA-2F2B-E67F-68E1D2C1FBAD}"
	ProjectSection(ProjectDependencies) = postProject
		{8898EA18-743A-15EF-5DF5-284349369C3F} = {8898EA18-743A-15EF-5DF5-284349369C3F}
	EndProjectSection
EndProject
Project("{8BC9CEB8-8B4A-11D0-8D11-00A0C91BC942}") = "raylib", "_build\raylib.vcxproj", "{8898EA18-743A-15EF-5DF5-284349369C3F}"
EndProject
Global
	GlobalSection(SolutionConfigurationPlatforms) = preSolution
		Debug|Win32 = Debug|Win32
		Debug|x64 = Debug|x64
		Release|Win32 = Release|Win32
		Release|x64 = Release|x64
	EndGlobalSection
	GlobalSection(ProjectConfigurationPlatforms) = postSolution
		{5197A086-3DFA-2F2B-E67F-68E1D2C1FBAD}.Debug|Win32.ActiveCfg = Debug|Win32
		{5197A086-3DFA-2F2B-E67F-68E1D2C1FBAD}.Debug|Win32.Build.0 = Debug|Win32
		{5197A086-3DFA-2F2B-E67F-68E1D2C1FBAD}.Debug|x64.ActiveCfg = Debug|x64
		{5197A086-3DFA-2F2B-E67F-68E1D2C1FBAD}.Debug|x64.Build.0 = Debug|x64
		{5197A086-3DFA-2F2B-E67F-68E1D2C1FBAD}.Release|Win32.ActiveCfg = Release|Win32
		{5197A086-3DFA-2F2B-E67F-68E1D2C1FBAD}.Release|Win32.Build.0 = Release|Win32
		{5197A086-3DFA-2F2B-E67F-68E1D2C1FBAD}.Release|x64.ActiveCfg = Release|x64
		{5197A086-3DFA-2F2B-E67F-68E1D2C1FBAD}.Release|x64.Build.0 = Release|x64
		{8898EA18-743A-15EF-5DF5-284349369C3F}.Debug|Win32.ActiveCfg = Debug|Win32
		{8898EA18-743A-15EF-5DF5-284349369C3F}.Debug|Win32.Build.0 = Debug|Win32
		{8898EA18-743A-15EF-5DF5-284349369C3F}.Debug|x64.ActiveCfg = Debug|x64
		{8898EA18-743A-15EF-5DF5-284349369C3F}.Debug|x64.Build.0 = Debug|x64
		{8898EA18-743A-15EF-5DF5-284349369C3F}.Release|Win32.ActiveCfg = Release|Win32
		{8898EA18-743A-15EF-5DF5-284349369C3F}.Release|Win32.Build.0 = Release|Win32
		{8898EA18-743A-15EF-5DF5-284349369C3F}.Release|x64.ActiveCfg = Release|x64
		{8898EA18-743A-15EF-5DF5-284349369C3F}.Release|x64.Build.0 = Release|x64
	EndGlobalSection
	GlobalSection(SolutionProperties) = preSolution
		HideSolutionNode = FALSE
	EndGlobalSection
EndGlobal
